
Microsoft Visual Studio Solution File, Format Version 12.00
# Visual Studio Version 17
VisualStudioVersion = 17.11.35222.181
MinimumVisualStudioVersion = 10.0.40219.1
Project("{FAE04EC0-301F-11D3-BF4B-00C04F79EFBC}") = "test", "test.csproj", "{02068BBB-B8B5-4648-9B22-87763B41489E}"
EndProject
Global
	GlobalSection(SolutionConfigurationPlatforms) = preSolution
		Debug|Any CPU = Debug|Any CPU
		Release|Any CPU = Release|Any CPU
	EndGlobalSection
	GlobalSection(ProjectConfigurationPlatforms) = postSolution
		{02068BBB-B8B5-4648-9B22-87763B41489E}.Debug|Any CPU.ActiveCfg = Debug|Any CPU
		{02068BBB-B8B5-4648-9B22-87763B41489E}.Debug|Any CPU.Build.0 = Debug|Any CPU
		{02068BBB-B8B5-4648-9B22-87763B41489E}.Release|Any CPU.ActiveCfg = Release|Any CPU
		{02068BBB-B8B5-4648-9B22-87763B41489E}.Release|Any CPU.Build.0 = Release|Any CPU
	EndGlobalSection
	GlobalSection(SolutionProperties) = preSolution
		HideSolutionNode = FALSE
	EndGlobalSection
	GlobalSection(ExtensibilityGlobals) = postSolution
		SolutionGuid = {239A5AD8-64B1-4BAE-950B-4D733E555D08}
	EndGlobalSection
EndGlobal
